
Microsoft Visual Studio Solution File, Format Version 12.00
# Visual Studio Version 16
VisualStudioVersion = 16.0.30517.126
MinimumVisualStudioVersion = 10.0.40219.1
Project("{FAE04EC0-301F-11D3-BF4B-00C04F79EFBC}") = "Imaginarium", "Imaginarium\Imaginarium.csproj", "{19BAE2F4-7549-4D96-BE82-4B178FDC01A1}"
EndProject
Project("{FAE04EC0-301F-11D3-BF4B-00C04F79EFBC}") = "wcf_game", "wcf_game\wcf_game.csproj", "{83F6AE5F-EB97-4328-8C2E-64834159EF83}"
EndProject
Project("{FAE04EC0-301F-11D3-BF4B-00C04F79EFBC}") = "GameHost", "GameHost\GameHost.csproj", "{EE01F240-DB9E-4EE0-B8AA-BC0E1A330887}"
EndProject
Global
	GlobalSection(SolutionConfigurationPlatforms) = preSolution
		Debug|Any CPU = Debug|Any CPU
		Release|Any CPU = Release|Any CPU
	EndGlobalSection
	GlobalSection(ProjectConfigurationPlatforms) = postSolution
		{19BAE2F4-7549-4D96-BE82-4B178FDC01A1}.Debug|Any CPU.ActiveCfg = Debug|Any CPU
		{19BAE2F4-7549-4D96-BE82-4B178FDC01A1}.Debug|Any CPU.Build.0 = Debug|Any CPU
		{19BAE2F4-7549-4D96-BE82-4B178FDC01A1}.Release|Any CPU.ActiveCfg = Release|Any CPU
		{19BAE2F4-7549-4D96-BE82-4B178FDC01A1}.Release|Any CPU.Build.0 = Release|Any CPU
		{83F6AE5F-EB97-4328-8C2E-64834159EF83}.Debug|Any CPU.ActiveCfg = Debug|Any CPU
		{83F6AE5F-EB97-4328-8C2E-64834159EF83}.Debug|Any CPU.Build.0 = Debug|Any CPU
		{83F6AE5F-EB97-4328-8C2E-64834159EF83}.Release|Any CPU.ActiveCfg = Release|Any CPU
		{83F6AE5F-EB97-4328-8C2E-64834159EF83}.Release|Any CPU.Build.0 = Release|Any CPU
		{EE01F240-DB9E-4EE0-B8AA-BC0E1A330887}.Debug|Any CPU.ActiveCfg = Debug|Any CPU
		{EE01F240-DB9E-4EE0-B8AA-BC0E1A330887}.Debug|Any CPU.Build.0 = Debug|Any CPU
		{EE01F240-DB9E-4EE0-B8AA-BC0E1A330887}.Release|Any CPU.ActiveCfg = Release|Any CPU
		{EE01F240-DB9E-4EE0-B8AA-BC0E1A330887}.Release|Any CPU.Build.0 = Release|Any CPU
	EndGlobalSection
	GlobalSection(SolutionProperties) = preSolution
		HideSolutionNode = FALSE
	EndGlobalSection
	GlobalSection(ExtensibilityGlobals) = postSolution
		SolutionGuid = {1EC826E4-A1CE-4960-A159-5EC9A74FE5F5}
	EndGlobalSection
EndGlobal
